
Microsoft Visual Studio Solution File, Format Version 12.00
# Visual Studio Version 17
VisualStudioVersion = 17.14.36616.10 d17.14
MinimumVisualStudioVersion = 10.0.40219.1
Project("{FAE04EC0-301F-11D3-BF4B-00C04F79EFBC}") = "MyCoreApp", "MyCoreApp\MyCoreApp.csproj", "{2355C882-9C1D-4AB4-87CA-A70990DC900B}"
EndProject
Global
	GlobalSection(SolutionConfigurationPlatforms) = preSolution
		Debug|Any CPU = Debug|Any CPU
		Release|Any CPU = Release|Any CPU
	EndGlobalSection
	GlobalSection(ProjectConfigurationPlatforms) = postSolution
		{2355C882-9C1D-4AB4-87CA-A70990DC900B}.Debug|Any CPU.ActiveCfg = Debug|Any CPU
		{2355C882-9C1D-4AB4-87CA-A70990DC900B}.Debug|Any CPU.Build.0 = Debug|Any CPU
		{2355C882-9C1D-4AB4-87CA-A70990DC900B}.Release|Any CPU.ActiveCfg = Release|Any CPU
		{2355C882-9C1D-4AB4-87CA-A70990DC900B}.Release|Any CPU.Build.0 = Release|Any CPU
	EndGlobalSection
	GlobalSection(SolutionProperties) = preSolution
		HideSolutionNode = FALSE
	EndGlobalSection
	GlobalSection(ExtensibilityGlobals) = postSolution
		SolutionGuid = {16C47FC6-1F0B-4BC6-A04A-036BACDFF2BE}
	EndGlobalSection
EndGlobal
